
Microsoft Visual Studio Solution File, Format Version 12.00
# Visual Studio Version 16
VisualStudioVersion = 16.0.31605.320
MinimumVisualStudioVersion = 10.0.40219.1
Project("{FAE04EC0-301F-11D3-BF4B-00C04F79EFBC}") = "TaskOne", "VeeamAcademyCSharpIntensive\TaskOne.csproj", "{B6EF3C51-1F56-448A-BDAA-D04B323805BB}"
EndProject
Global
	GlobalSection(SolutionConfigurationPlatforms) = preSolution
		Debug|Any CPU = Debug|Any CPU
		Release|Any CPU = Release|Any CPU
	EndGlobalSection
	GlobalSection(ProjectConfigurationPlatforms) = postSolution
		{B6EF3C51-1F56-448A-BDAA-D04B323805BB}.Debug|Any CPU.ActiveCfg = Debug|Any CPU
		{B6EF3C51-1F56-448A-BDAA-D04B323805BB}.Debug|Any CPU.Build.0 = Debug|Any CPU
		{B6EF3C51-1F56-448A-BDAA-D04B323805BB}.Release|Any CPU.ActiveCfg = Release|Any CPU
		{B6EF3C51-1F56-448A-BDAA-D04B323805BB}.Release|Any CPU.Build.0 = Release|Any CPU
	EndGlobalSection
	GlobalSection(SolutionProperties) = preSolution
		HideSolutionNode = FALSE
	EndGlobalSection
	GlobalSection(ExtensibilityGlobals) = postSolution
		SolutionGuid = {BF9373CF-5B28-4822-BB8E-347C5C93CDAD}
	EndGlobalSection
EndGlobal
