
Microsoft Visual Studio Solution File, Format Version 12.00
# Visual Studio Version 16
VisualStudioVersion = 16.0.31605.320
MinimumVisualStudioVersion = 10.0.40219.1
Project("{9A19103F-16F7-4668-BE54-9A1E7A4F7556}") = "TaskOne", "VeeamAcademyCSharpIntensive\TaskOne.csproj", "{B6EF3C51-1F56-448A-BDAA-D04B323805BB}"
EndProject
Project("{FAE04EC0-301F-11D3-BF4B-00C04F79EFBC}") = "TaskTwo", "TaskTwo\TaskTwo.csproj", "{7EAA667E-68DD-4D68-AFF3-318B6D2A7701}"
EndProject
Project("{2150E333-8FDC-42A3-9474-1A3956D46DE8}") = "Module 1 - Bases of types", "Module 1 - Bases of types", "{D5EDA2C9-6F93-481B-86E8-59F339913821}"
EndProject
Global
	GlobalSection(SolutionConfigurationPlatforms) = preSolution
		Debug|Any CPU = Debug|Any CPU
		Release|Any CPU = Release|Any CPU
	EndGlobalSection
	GlobalSection(ProjectConfigurationPlatforms) = postSolution
		{B6EF3C51-1F56-448A-BDAA-D04B323805BB}.Debug|Any CPU.ActiveCfg = Debug|Any CPU
		{B6EF3C51-1F56-448A-BDAA-D04B323805BB}.Debug|Any CPU.Build.0 = Debug|Any CPU
		{B6EF3C51-1F56-448A-BDAA-D04B323805BB}.Release|Any CPU.ActiveCfg = Release|Any CPU
		{B6EF3C51-1F56-448A-BDAA-D04B323805BB}.Release|Any CPU.Build.0 = Release|Any CPU
		{7EAA667E-68DD-4D68-AFF3-318B6D2A7701}.Debug|Any CPU.ActiveCfg = Debug|Any CPU
		{7EAA667E-68DD-4D68-AFF3-318B6D2A7701}.Debug|Any CPU.Build.0 = Debug|Any CPU
		{7EAA667E-68DD-4D68-AFF3-318B6D2A7701}.Release|Any CPU.ActiveCfg = Release|Any CPU
		{7EAA667E-68DD-4D68-AFF3-318B6D2A7701}.Release|Any CPU.Build.0 = Release|Any CPU
	EndGlobalSection
	GlobalSection(SolutionProperties) = preSolution
		HideSolutionNode = FALSE
	EndGlobalSection
	GlobalSection(NestedProjects) = preSolution
		{B6EF3C51-1F56-448A-BDAA-D04B323805BB} = {D5EDA2C9-6F93-481B-86E8-59F339913821}
		{7EAA667E-68DD-4D68-AFF3-318B6D2A7701} = {D5EDA2C9-6F93-481B-86E8-59F339913821}
	EndGlobalSection
	GlobalSection(ExtensibilityGlobals) = postSolution
		SolutionGuid = {BF9373CF-5B28-4822-BB8E-347C5C93CDAD}
	EndGlobalSection
EndGlobal
